{
  "name": "@penpot/plugins-runtime",
  "version": "1.4.2",
  "lockfileVersion": 3,
  "requires": true,
  "packages": {
    "": {
      "name": "@penpot/plugins-runtime",
      "version": "1.4.2",
      "dependencies": {
        "@penpot/plugin-types": "^1.4.2",
        "ses": "^1.12.0",
        "zod": "^3.22.4"
      }
    },
    "node_modules/@endo/env-options": {
      "version": "1.1.11",
      "resolved": "https://registry.npmjs.org/@endo/env-options/-/env-options-1.1.11.tgz",
      "integrity": "sha512-p9OnAPsdqoX4YJsE98e3NBVhIr2iW9gNZxHhAI2/Ul5TdRfoOViItzHzTqrgUVopw6XxA1u1uS6CykLMDUxarA==",
      "license": "Apache-2.0"
    },
    "node_modules/@penpot/plugin-types": {
      "version": "1.4.2",
      "resolved": "https://registry.npmjs.org/@penpot/plugin-types/-/plugin-types-1.4.2.tgz",
      "integrity": "sha512-O8wU6RSYE8bIVU7g8cSTYi32ppxs3R13dq7X3Nn9tmDaJjBOKOBpVLuoRPIp3fJC65fv8/7om0sdrtFoL5v19g=="
    },
    "node_modules/ses": {
      "version": "1.12.0",
      "resolved": "https://registry.npmjs.org/ses/-/ses-1.12.0.tgz",
      "integrity": "sha512-jvmwXE2lFxIIY1j76hFjewIIhYMR9Slo3ynWZGtGl5M7VUCw3EA0wetS+JCIbl2UcSQjAT0yGAHkyxPJreuC9w==",
      "license": "Apache-2.0",
      "dependencies": {
        "@endo/env-options": "^1.1.8"
      }
    },
    "node_modules/zod": {
      "version": "3.23.8",
      "resolved": "https://registry.npmjs.org/zod/-/zod-3.23.8.tgz",
      "integrity": "sha512-XBx9AXhXktjUqnepgTiE5flcKIYWi/rme0Eaj+5Y0lftuGBq+jyRu/md4WnuxqgP1ubdpNCsYEYPxrzVHD8d6g==",
      "funding": {
        "url": "https://github.com/sponsors/colinhacks"
      }
    }
  }
}
